{
  "version": 4,
  "terraform_version": "0.14.7",
  "serial": 1,
  "lineage": "05e8278b-1d7e-7f38-55c4-235f0f728ce9",
  "outputs": {},
  "resources": [
    {
      "module": "module.one_subnet",
      "mode": "managed",
      "type": "azurerm_resource_group",
      "name": "example",
      "provider": "provider[\"registry.terraform.io/hashicorp/azurerm\"]",
      "instances": [
        {
          "schema_version": 0,
          "attributes": {
            "id": "/subscriptions/3993b103-0198-44e0-9e34-33d17436fe02/resourceGroups/QArg_one_subnet",
            "location": "westeurope",
            "name": "QArg_one_subnet",
            "tags": null,
            "timeouts": null
          },
          "sensitive_attributes": [],
          "private": "eyJlMmJmYjczMC1lY2FhLTExZTYtOGY4OC0zNDM2M2JjN2M0YzAiOnsiY3JlYXRlIjo1NDAwMDAwMDAwMDAwLCJkZWxldGUiOjU0MDAwMDAwMDAwMDAsInJlYWQiOjMwMDAwMDAwMDAwMCwidXBkYXRlIjo1NDAwMDAwMDAwMDAwfX0="
        }
      ]
    }
  ]
}
